
Microsoft Visual Studio Solution File, Format Version 12.00
# Visual Studio 15
Project("{FAE04EC0-301F-11D3-BF4B-00C04F79EFBC}") = "TwoSum", "TwoSum\TwoSum.csproj", "{C2A99DAA-530C-4BE6-9E34-B75EAF82B0DC}"
EndProject
Project("{FAE04EC0-301F-11D3-BF4B-00C04F79EFBC}") = "TwoSum.Test", "TwoSum.Test\TwoSum.Test.csproj", "{9C1D942F-B302-44FE-8F6D-3148A0B81E90}"
EndProject
Global
	GlobalSection(SolutionConfigurationPlatforms) = preSolution
		Debug|Any CPU = Debug|Any CPU
		Release|Any CPU = Release|Any CPU
	EndGlobalSection
	GlobalSection(ProjectConfigurationPlatforms) = postSolution
		{C2A99DAA-530C-4BE6-9E34-B75EAF82B0DC}.Debug|Any CPU.ActiveCfg = Debug|Any CPU
		{C2A99DAA-530C-4BE6-9E34-B75EAF82B0DC}.Debug|Any CPU.Build.0 = Debug|Any CPU
		{C2A99DAA-530C-4BE6-9E34-B75EAF82B0DC}.Release|Any CPU.ActiveCfg = Release|Any CPU
		{C2A99DAA-530C-4BE6-9E34-B75EAF82B0DC}.Release|Any CPU.Build.0 = Release|Any CPU
		{9C1D942F-B302-44FE-8F6D-3148A0B81E90}.Debug|Any CPU.ActiveCfg = Debug|Any CPU
		{9C1D942F-B302-44FE-8F6D-3148A0B81E90}.Debug|Any CPU.Build.0 = Debug|Any CPU
		{9C1D942F-B302-44FE-8F6D-3148A0B81E90}.Release|Any CPU.ActiveCfg = Release|Any CPU
		{9C1D942F-B302-44FE-8F6D-3148A0B81E90}.Release|Any CPU.Build.0 = Release|Any CPU
	EndGlobalSection
EndGlobal
