
Microsoft Visual Studio Solution File, Format Version 12.00
# Visual Studio 15
VisualStudioVersion = 15.0.26124.0
MinimumVisualStudioVersion = 15.0.26124.0
Project("{FAE04EC0-301F-11D3-BF4B-00C04F79EFBC}") = "KthLargestElementInArray", "KthLargestElementInArray\KthLargestElementInArray.csproj", "{9826E444-A233-4A93-8AFD-79F44D2C31FA}"
EndProject
Project("{FAE04EC0-301F-11D3-BF4B-00C04F79EFBC}") = "KthLargestElementInArray.Tests", "KthLargestElementInArray.Tests\KthLargestElementInArray.Tests.csproj", "{D430296C-4187-4EE1-B168-6DAD768F25FF}"
EndProject
Global
	GlobalSection(SolutionConfigurationPlatforms) = preSolution
		Debug|Any CPU = Debug|Any CPU
		Debug|x64 = Debug|x64
		Debug|x86 = Debug|x86
		Release|Any CPU = Release|Any CPU
		Release|x64 = Release|x64
		Release|x86 = Release|x86
	EndGlobalSection
	GlobalSection(SolutionProperties) = preSolution
		HideSolutionNode = FALSE
	EndGlobalSection
	GlobalSection(ProjectConfigurationPlatforms) = postSolution
		{9826E444-A233-4A93-8AFD-79F44D2C31FA}.Debug|Any CPU.ActiveCfg = Debug|Any CPU
		{9826E444-A233-4A93-8AFD-79F44D2C31FA}.Debug|Any CPU.Build.0 = Debug|Any CPU
		{9826E444-A233-4A93-8AFD-79F44D2C31FA}.Debug|x64.ActiveCfg = Debug|Any CPU
		{9826E444-A233-4A93-8AFD-79F44D2C31FA}.Debug|x64.Build.0 = Debug|Any CPU
		{9826E444-A233-4A93-8AFD-79F44D2C31FA}.Debug|x86.ActiveCfg = Debug|Any CPU
		{9826E444-A233-4A93-8AFD-79F44D2C31FA}.Debug|x86.Build.0 = Debug|Any CPU
		{9826E444-A233-4A93-8AFD-79F44D2C31FA}.Release|Any CPU.ActiveCfg = Release|Any CPU
		{9826E444-A233-4A93-8AFD-79F44D2C31FA}.Release|Any CPU.Build.0 = Release|Any CPU
		{9826E444-A233-4A93-8AFD-79F44D2C31FA}.Release|x64.ActiveCfg = Release|Any CPU
		{9826E444-A233-4A93-8AFD-79F44D2C31FA}.Release|x64.Build.0 = Release|Any CPU
		{9826E444-A233-4A93-8AFD-79F44D2C31FA}.Release|x86.ActiveCfg = Release|Any CPU
		{9826E444-A233-4A93-8AFD-79F44D2C31FA}.Release|x86.Build.0 = Release|Any CPU
		{D430296C-4187-4EE1-B168-6DAD768F25FF}.Debug|Any CPU.ActiveCfg = Debug|Any CPU
		{D430296C-4187-4EE1-B168-6DAD768F25FF}.Debug|Any CPU.Build.0 = Debug|Any CPU
		{D430296C-4187-4EE1-B168-6DAD768F25FF}.Debug|x64.ActiveCfg = Debug|Any CPU
		{D430296C-4187-4EE1-B168-6DAD768F25FF}.Debug|x64.Build.0 = Debug|Any CPU
		{D430296C-4187-4EE1-B168-6DAD768F25FF}.Debug|x86.ActiveCfg = Debug|Any CPU
		{D430296C-4187-4EE1-B168-6DAD768F25FF}.Debug|x86.Build.0 = Debug|Any CPU
		{D430296C-4187-4EE1-B168-6DAD768F25FF}.Release|Any CPU.ActiveCfg = Release|Any CPU
		{D430296C-4187-4EE1-B168-6DAD768F25FF}.Release|Any CPU.Build.0 = Release|Any CPU
		{D430296C-4187-4EE1-B168-6DAD768F25FF}.Release|x64.ActiveCfg = Release|Any CPU
		{D430296C-4187-4EE1-B168-6DAD768F25FF}.Release|x64.Build.0 = Release|Any CPU
		{D430296C-4187-4EE1-B168-6DAD768F25FF}.Release|x86.ActiveCfg = Release|Any CPU
		{D430296C-4187-4EE1-B168-6DAD768F25FF}.Release|x86.Build.0 = Release|Any CPU
	EndGlobalSection
EndGlobal
